
Microsoft Visual Studio Solution File, Format Version 12.00
# Visual Studio Version 17
VisualStudioVersion = 17.0.31919.166
MinimumVisualStudioVersion = 10.0.40219.1
Project("{9A19103F-16F7-4668-BE54-9A1E7A4F7556}") = "ModForRyan", "ModForRyan.csproj", "{4BD46199-5673-4FA4-B2A0-4402364A823F}"
EndProject
Global
	GlobalSection(SolutionConfigurationPlatforms) = preSolution
		Debug|Any CPU = Debug|Any CPU
		Release|Any CPU = Release|Any CPU
	EndGlobalSection
	GlobalSection(ProjectConfigurationPlatforms) = postSolution
		{4BD46199-5673-4FA4-B2A0-4402364A823F}.Debug|Any CPU.ActiveCfg = Debug|Any CPU
		{4BD46199-5673-4FA4-B2A0-4402364A823F}.Debug|Any CPU.Build.0 = Debug|Any CPU
		{4BD46199-5673-4FA4-B2A0-4402364A823F}.Release|Any CPU.ActiveCfg = Release|Any CPU
		{4BD46199-5673-4FA4-B2A0-4402364A823F}.Release|Any CPU.Build.0 = Release|Any CPU
	EndGlobalSection
	GlobalSection(SolutionProperties) = preSolution
		HideSolutionNode = FALSE
	EndGlobalSection
	GlobalSection(ExtensibilityGlobals) = postSolution
		SolutionGuid = {F63D02C8-3EA9-4C77-AB98-03A15B340114}
	EndGlobalSection
EndGlobal
